// !$*UTF8*$!
{
	archiveVersion = 1;
	classes = {
	};
	objectVersion = 56;
	objects = {

/* Begin PBXBuildFile section */
		792DDA402AA9175D007EBC39 /* HotelDetailsView.swift in Sources */ = {isa = PBXBuildFile; fileRef = 792DDA3F2AA9175D007EBC39 /* HotelDetailsView.swift */; };
		79469B7A2AAEF83D0095D314 /* BookingView.swift in Sources */ = {isa = PBXBuildFile; fileRef = 79469B792AAEF83D0095D314 /* BookingView.swift */; };
		79469B7D2AAEF8690095D314 /* BookingViewModel.swift in Sources */ = {isa = PBXBuildFile; fileRef = 79469B7C2AAEF8690095D314 /* BookingViewModel.swift */; };
		79469B7F2AAEF8780095D314 /* BookingModel.swift in Sources */ = {isa = PBXBuildFile; fileRef = 79469B7E2AAEF8780095D314 /* BookingModel.swift */; };
		79469B822AAEFDB10095D314 /* TourInformationView.swift in Sources */ = {isa = PBXBuildFile; fileRef = 79469B812AAEFDB10095D314 /* TourInformationView.swift */; };
		79469B842AAF07F10095D314 /* TourInformationItemView.swift in Sources */ = {isa = PBXBuildFile; fileRef = 79469B832AAF07F00095D314 /* TourInformationItemView.swift */; };
		79469B862AAF0BEF0095D314 /* BuyerInformationView.swift in Sources */ = {isa = PBXBuildFile; fileRef = 79469B852AAF0BEF0095D314 /* BuyerInformationView.swift */; };
		79469B8A2AAF152B0095D314 /* TouristInformationView.swift in Sources */ = {isa = PBXBuildFile; fileRef = 79469B892AAF152B0095D314 /* TouristInformationView.swift */; };
		79469B8D2AAF164E0095D314 /* TouristModel.swift in Sources */ = {isa = PBXBuildFile; fileRef = 79469B8C2AAF164E0095D314 /* TouristModel.swift */; };
		79469B912AAF2F840095D314 /* View+extension.swift in Sources */ = {isa = PBXBuildFile; fileRef = 79469B902AAF2F840095D314 /* View+extension.swift */; };
		79469B962AAF32F60095D314 /* TouristInformationItemView.swift in Sources */ = {isa = PBXBuildFile; fileRef = 79469B952AAF32F60095D314 /* TouristInformationItemView.swift */; };
		79469B982AAF7C500095D314 /* TagsView.swift in Sources */ = {isa = PBXBuildFile; fileRef = 79469B972AAF7C500095D314 /* TagsView.swift */; };
		79469B9A2AAF84790095D314 /* TagsViewModel.swift in Sources */ = {isa = PBXBuildFile; fileRef = 79469B992AAF84790095D314 /* TagsViewModel.swift */; };
		79469B9C2AAF92290095D314 /* TourCostView.swift in Sources */ = {isa = PBXBuildFile; fileRef = 79469B9B2AAF92290095D314 /* TourCostView.swift */; };
		79469BA22AB043C00095D314 /* HotelDetailsItemView.swift in Sources */ = {isa = PBXBuildFile; fileRef = 79469BA12AB043C00095D314 /* HotelDetailsItemView.swift */; };
		79469BA62AB05D8C0095D314 /* PaymentView.swift in Sources */ = {isa = PBXBuildFile; fileRef = 79469BA52AB05D8C0095D314 /* PaymentView.swift */; };
		79469BA92AB06BF20095D314 /* Coordinator.swift in Sources */ = {isa = PBXBuildFile; fileRef = 79469BA82AB06BF20095D314 /* Coordinator.swift */; };
		79469BAB2AB0773D0095D314 /* CoordinatorView.swift in Sources */ = {isa = PBXBuildFile; fileRef = 79469BAA2AB0773D0095D314 /* CoordinatorView.swift */; };
		79469BB22AB07EA10095D314 /* MyPages.swift in Sources */ = {isa = PBXBuildFile; fileRef = 79469BB12AB07EA10095D314 /* MyPages.swift */; };
		79469BB42AB07FED0095D314 /* BuyerModel.swift in Sources */ = {isa = PBXBuildFile; fileRef = 79469BB32AB07FED0095D314 /* BuyerModel.swift */; };
		79469BB62AB080620095D314 /* BuyerInformationViewModel.swift in Sources */ = {isa = PBXBuildFile; fileRef = 79469BB52AB080620095D314 /* BuyerInformationViewModel.swift */; };
		7959FD7A2AAB614800F89DCC /* RoomsView.swift in Sources */ = {isa = PBXBuildFile; fileRef = 7959FD792AAB614800F89DCC /* RoomsView.swift */; };
		7959FD7F2AAB7F5A00F89DCC /* RoomsViewModel.swift in Sources */ = {isa = PBXBuildFile; fileRef = 7959FD7E2AAB7F5A00F89DCC /* RoomsViewModel.swift */; };
		7959FD822AAB80B100F89DCC /* RoomModel.swift in Sources */ = {isa = PBXBuildFile; fileRef = 7959FD812AAB80B100F89DCC /* RoomModel.swift */; };
		7959FD892AAE379C00F89DCC /* PriceView.swift in Sources */ = {isa = PBXBuildFile; fileRef = 7959FD882AAE379C00F89DCC /* PriceView.swift */; };
		7959FD8C2AAE3B3D00F89DCC /* NameView.swift in Sources */ = {isa = PBXBuildFile; fileRef = 7959FD8B2AAE3B3D00F89DCC /* NameView.swift */; };
		79A10CE92AA852C900A5157B /* HotelApp.swift in Sources */ = {isa = PBXBuildFile; fileRef = 79A10CE82AA852C900A5157B /* HotelApp.swift */; };
		79A10CED2AA852CA00A5157B /* Assets.xcassets in Resources */ = {isa = PBXBuildFile; fileRef = 79A10CEC2AA852CA00A5157B /* Assets.xcassets */; };
		79A10CF02AA852CA00A5157B /* Preview Assets.xcassets in Resources */ = {isa = PBXBuildFile; fileRef = 79A10CEF2AA852CA00A5157B /* Preview Assets.xcassets */; };
		79A10D132AA8554D00A5157B /* HotelModel.swift in Sources */ = {isa = PBXBuildFile; fileRef = 79A10D122AA8554D00A5157B /* HotelModel.swift */; };
		79A10D152AA855F400A5157B /* HotelViewModel.swift in Sources */ = {isa = PBXBuildFile; fileRef = 79A10D142AA855F400A5157B /* HotelViewModel.swift */; };
		79A10D172AA857E800A5157B /* NetworkManager.swift in Sources */ = {isa = PBXBuildFile; fileRef = 79A10D162AA857E800A5157B /* NetworkManager.swift */; };
		79A10D192AA860D000A5157B /* HotelsView.swift in Sources */ = {isa = PBXBuildFile; fileRef = 79A10D182AA860D000A5157B /* HotelsView.swift */; };
		79A10D1D2AA8851F00A5157B /* CaruselView.swift in Sources */ = {isa = PBXBuildFile; fileRef = 79A10D1C2AA8851F00A5157B /* CaruselView.swift */; };
		79A10D1F2AA8993300A5157B /* RatingView.swift in Sources */ = {isa = PBXBuildFile; fileRef = 79A10D1E2AA8993300A5157B /* RatingView.swift */; };
		79A10D212AA8C69200A5157B /* AdressView.swift in Sources */ = {isa = PBXBuildFile; fileRef = 79A10D202AA8C69200A5157B /* AdressView.swift */; };
		79A10D232AA8CDBF00A5157B /* Color+extension.swift in Sources */ = {isa = PBXBuildFile; fileRef = 79A10D222AA8CDBF00A5157B /* Color+extension.swift */; };
		79B84B672AB1D348009DE05E /* String+extension.swift in Sources */ = {isa = PBXBuildFile; fileRef = 79B84B662AB1D348009DE05E /* String+extension.swift */; };
		79B84B692AB1D39C009DE05E /* Fields.swift in Sources */ = {isa = PBXBuildFile; fileRef = 79B84B682AB1D39C009DE05E /* Fields.swift */; };
		79B84B6B2AB1D3BE009DE05E /* Redax.swift in Sources */ = {isa = PBXBuildFile; fileRef = 79B84B6A2AB1D3BE009DE05E /* Redax.swift */; };
/* End PBXBuildFile section */

/* Begin PBXFileReference section */
		792DDA3F2AA9175D007EBC39 /* HotelDetailsView.swift */ = {isa = PBXFileReference; lastKnownFileType = sourcecode.swift; path = HotelDetailsView.swift; sourceTree = "<group>"; };
		79469B792AAEF83D0095D314 /* BookingView.swift */ = {isa = PBXFileReference; lastKnownFileType = sourcecode.swift; path = BookingView.swift; sourceTree = "<group>"; };
		79469B7C2AAEF8690095D314 /* BookingViewModel.swift */ = {isa = PBXFileReference; lastKnownFileType = sourcecode.swift; path = BookingViewModel.swift; sourceTree = "<group>"; };
		79469B7E2AAEF8780095D314 /* BookingModel.swift */ = {isa = PBXFileReference; lastKnownFileType = sourcecode.swift; path = BookingModel.swift; sourceTree = "<group>"; };
		79469B812AAEFDB10095D314 /* TourInformationView.swift */ = {isa = PBXFileReference; lastKnownFileType = sourcecode.swift; path = TourInformationView.swift; sourceTree = "<group>"; };
		79469B832AAF07F00095D314 /* TourInformationItemView.swift */ = {isa = PBXFileReference; lastKnownFileType = sourcecode.swift; path = TourInformationItemView.swift; sourceTree = "<group>"; };
		79469B852AAF0BEF0095D314 /* BuyerInformationView.swift */ = {isa = PBXFileReference; lastKnownFileType = sourcecode.swift; path = BuyerInformationView.swift; sourceTree = "<group>"; };
		79469B892AAF152B0095D314 /* TouristInformationView.swift */ = {isa = PBXFileReference; lastKnownFileType = sourcecode.swift; path = TouristInformationView.swift; sourceTree = "<group>"; };
		79469B8C2AAF164E0095D314 /* TouristModel.swift */ = {isa = PBXFileReference; lastKnownFileType = sourcecode.swift; path = TouristModel.swift; sourceTree = "<group>"; };
		79469B902AAF2F840095D314 /* View+extension.swift */ = {isa = PBXFileReference; lastKnownFileType = sourcecode.swift; path = "View+extension.swift"; sourceTree = "<group>"; };
		79469B952AAF32F60095D314 /* TouristInformationItemView.swift */ = {isa = PBXFileReference; lastKnownFileType = sourcecode.swift; path = TouristInformationItemView.swift; sourceTree = "<group>"; };
		79469B972AAF7C500095D314 /* TagsView.swift */ = {isa = PBXFileReference; lastKnownFileType = sourcecode.swift; path = TagsView.swift; sourceTree = "<group>"; };
		79469B992AAF84790095D314 /* TagsViewModel.swift */ = {isa = PBXFileReference; lastKnownFileType = sourcecode.swift; path = TagsViewModel.swift; sourceTree = "<group>"; };
		79469B9B2AAF92290095D314 /* TourCostView.swift */ = {isa = PBXFileReference; lastKnownFileType = sourcecode.swift; path = TourCostView.swift; sourceTree = "<group>"; };
		79469BA12AB043C00095D314 /* HotelDetailsItemView.swift */ = {isa = PBXFileReference; lastKnownFileType = sourcecode.swift; path = HotelDetailsItemView.swift; sourceTree = "<group>"; };
		79469BA52AB05D8C0095D314 /* PaymentView.swift */ = {isa = PBXFileReference; lastKnownFileType = sourcecode.swift; path = PaymentView.swift; sourceTree = "<group>"; };
		79469BA82AB06BF20095D314 /* Coordinator.swift */ = {isa = PBXFileReference; lastKnownFileType = sourcecode.swift; path = Coordinator.swift; sourceTree = "<group>"; };
		79469BAA2AB0773D0095D314 /* CoordinatorView.swift */ = {isa = PBXFileReference; lastKnownFileType = sourcecode.swift; path = CoordinatorView.swift; sourceTree = "<group>"; };
		79469BB12AB07EA10095D314 /* MyPages.swift */ = {isa = PBXFileReference; lastKnownFileType = sourcecode.swift; path = MyPages.swift; sourceTree = "<group>"; };
		79469BB32AB07FED0095D314 /* BuyerModel.swift */ = {isa = PBXFileReference; lastKnownFileType = sourcecode.swift; path = BuyerModel.swift; sourceTree = "<group>"; };
		79469BB52AB080620095D314 /* BuyerInformationViewModel.swift */ = {isa = PBXFileReference; lastKnownFileType = sourcecode.swift; path = BuyerInformationViewModel.swift; sourceTree = "<group>"; };
		7959FD792AAB614800F89DCC /* RoomsView.swift */ = {isa = PBXFileReference; lastKnownFileType = sourcecode.swift; path = RoomsView.swift; sourceTree = "<group>"; };
		7959FD7E2AAB7F5A00F89DCC /* RoomsViewModel.swift */ = {isa = PBXFileReference; lastKnownFileType = sourcecode.swift; path = RoomsViewModel.swift; sourceTree = "<group>"; };
		7959FD812AAB80B100F89DCC /* RoomModel.swift */ = {isa = PBXFileReference; lastKnownFileType = sourcecode.swift; path = RoomModel.swift; sourceTree = "<group>"; };
		7959FD882AAE379C00F89DCC /* PriceView.swift */ = {isa = PBXFileReference; lastKnownFileType = sourcecode.swift; path = PriceView.swift; sourceTree = "<group>"; };
		7959FD8B2AAE3B3D00F89DCC /* NameView.swift */ = {isa = PBXFileReference; lastKnownFileType = sourcecode.swift; path = NameView.swift; sourceTree = "<group>"; };
		79A10CE52AA852C900A5157B /* Hotel.app */ = {isa = PBXFileReference; explicitFileType = wrapper.application; includeInIndex = 0; path = Hotel.app; sourceTree = BUILT_PRODUCTS_DIR; };
		79A10CE82AA852C900A5157B /* HotelApp.swift */ = {isa = PBXFileReference; lastKnownFileType = sourcecode.swift; path = HotelApp.swift; sourceTree = "<group>"; };
		79A10CEC2AA852CA00A5157B /* Assets.xcassets */ = {isa = PBXFileReference; lastKnownFileType = folder.assetcatalog; path = Assets.xcassets; sourceTree = "<group>"; };
		79A10CEF2AA852CA00A5157B /* Preview Assets.xcassets */ = {isa = PBXFileReference; lastKnownFileType = folder.assetcatalog; path = "Preview Assets.xcassets"; sourceTree = "<group>"; };
		79A10D122AA8554D00A5157B /* HotelModel.swift */ = {isa = PBXFileReference; lastKnownFileType = sourcecode.swift; path = HotelModel.swift; sourceTree = "<group>"; };
		79A10D142AA855F400A5157B /* HotelViewModel.swift */ = {isa = PBXFileReference; lastKnownFileType = sourcecode.swift; path = HotelViewModel.swift; sourceTree = "<group>"; };
		79A10D162AA857E800A5157B /* NetworkManager.swift */ = {isa = PBXFileReference; lastKnownFileType = sourcecode.swift; path = NetworkManager.swift; sourceTree = "<group>"; };
		79A10D182AA860D000A5157B /* HotelsView.swift */ = {isa = PBXFileReference; lastKnownFileType = sourcecode.swift; path = HotelsView.swift; sourceTree = "<group>"; };
		79A10D1C2AA8851F00A5157B /* CaruselView.swift */ = {isa = PBXFileReference; lastKnownFileType = sourcecode.swift; path = CaruselView.swift; sourceTree = "<group>"; };
		79A10D1E2AA8993300A5157B /* RatingView.swift */ = {isa = PBXFileReference; lastKnownFileType = sourcecode.swift; path = RatingView.swift; sourceTree = "<group>"; };
		79A10D202AA8C69200A5157B /* AdressView.swift */ = {isa = PBXFileReference; lastKnownFileType = sourcecode.swift; path = AdressView.swift; sourceTree = "<group>"; };
		79A10D222AA8CDBF00A5157B /* Color+extension.swift */ = {isa = PBXFileReference; lastKnownFileType = sourcecode.swift; path = "Color+extension.swift"; sourceTree = "<group>"; };
		79A10D632AA8DC1400A5157B /* Info.plist */ = {isa = PBXFileReference; lastKnownFileType = text.plist.xml; path = Info.plist; sourceTree = "<group>"; };
		79B84B662AB1D348009DE05E /* String+extension.swift */ = {isa = PBXFileReference; lastKnownFileType = sourcecode.swift; path = "String+extension.swift"; sourceTree = "<group>"; };
		79B84B682AB1D39C009DE05E /* Fields.swift */ = {isa = PBXFileReference; lastKnownFileType = sourcecode.swift; path = Fields.swift; sourceTree = "<group>"; };
		79B84B6A2AB1D3BE009DE05E /* Redax.swift */ = {isa = PBXFileReference; lastKnownFileType = sourcecode.swift; path = Redax.swift; sourceTree = "<group>"; };
/* End PBXFileReference section */

/* Begin PBXFrameworksBuildPhase section */
		79A10CE22AA852C900A5157B /* Frameworks */ = {
			isa = PBXFrameworksBuildPhase;
			buildActionMask = 2147483647;
			files = (
			);
			runOnlyForDeploymentPostprocessing = 0;
		};
/* End PBXFrameworksBuildPhase section */

/* Begin PBXGroup section */
		792DDA412AA9181A007EBC39 /* HotelsVeiw */ = {
			isa = PBXGroup;
			children = (
				79A10D182AA860D000A5157B /* HotelsView.swift */,
				792DDA3F2AA9175D007EBC39 /* HotelDetailsView.swift */,
				79469BA32AB044D30095D314 /* ItemView */,
			);
			path = HotelsVeiw;
			sourceTree = "<group>";
		};
		792DDA422AA9184F007EBC39 /* ModelView */ = {
			isa = PBXGroup;
			children = (
				792DDA482AA91920007EBC39 /* HotelsViewModel */,
				7959FD7D2AAB7F4200F89DCC /* RoomsViewModel */,
				7959FD872AADDD3000F89DCC /* SupportViewModel */,
			);
			path = ModelView;
			sourceTree = "<group>";
		};
		792DDA432AA9187D007EBC39 /* Extention */ = {
			isa = PBXGroup;
			children = (
				79A10D222AA8CDBF00A5157B /* Color+extension.swift */,
				79469B902AAF2F840095D314 /* View+extension.swift */,
				79B84B662AB1D348009DE05E /* String+extension.swift */,
			);
			path = Extention;
			sourceTree = "<group>";
		};
		792DDA442AA9188C007EBC39 /* Manager */ = {
			isa = PBXGroup;
			children = (
				79A10D162AA857E800A5157B /* NetworkManager.swift */,
			);
			path = Manager;
			sourceTree = "<group>";
		};
		792DDA452AA918C9007EBC39 /* Model */ = {
			isa = PBXGroup;
			children = (
				792DDA462AA918E1007EBC39 /* HotelModel */,
				7959FD802AAB809800F89DCC /* RoomModel */,
				79469B802AAEF8B90095D314 /* BookingModel */,
				79469B8B2AAF162F0095D314 /* SupportModel */,
			);
			path = Model;
			sourceTree = "<group>";
		};
		792DDA462AA918E1007EBC39 /* HotelModel */ = {
			isa = PBXGroup;
			children = (
				79A10D122AA8554D00A5157B /* HotelModel.swift */,
			);
			path = HotelModel;
			sourceTree = "<group>";
		};
		792DDA472AA918F0007EBC39 /* View */ = {
			isa = PBXGroup;
			children = (
				792DDA412AA9181A007EBC39 /* HotelsVeiw */,
				7959FD782AAB612300F89DCC /* RoomsView */,
				79469B772AAEF7E80095D314 /* BookingView */,
				79469BA42AB05D6C0095D314 /* PaymentView */,
			);
			path = View;
			sourceTree = "<group>";
		};
		792DDA482AA91920007EBC39 /* HotelsViewModel */ = {
			isa = PBXGroup;
			children = (
				79A10D142AA855F400A5157B /* HotelViewModel.swift */,
			);
			path = HotelsViewModel;
			sourceTree = "<group>";
		};
		79469B772AAEF7E80095D314 /* BookingView */ = {
			isa = PBXGroup;
			children = (
				79469B792AAEF83D0095D314 /* BookingView.swift */,
				7959FD8A2AAE37A000F89DCC /* SupportView */,
				79469BA02AB042D20095D314 /* ItemView */,
				79469B812AAEFDB10095D314 /* TourInformationView.swift */,
				79469B852AAF0BEF0095D314 /* BuyerInformationView.swift */,
				79469B892AAF152B0095D314 /* TouristInformationView.swift */,
				79469B9B2AAF92290095D314 /* TourCostView.swift */,
			);
			path = BookingView;
			sourceTree = "<group>";
		};
		79469B7B2AAEF8470095D314 /* BookingViewModel */ = {
			isa = PBXGroup;
			children = (
				79469B7C2AAEF8690095D314 /* BookingViewModel.swift */,
			);
			path = BookingViewModel;
			sourceTree = "<group>";
		};
		79469B802AAEF8B90095D314 /* BookingModel */ = {
			isa = PBXGroup;
			children = (
				79469B7E2AAEF8780095D314 /* BookingModel.swift */,
			);
			path = BookingModel;
			sourceTree = "<group>";
		};
		79469B8B2AAF162F0095D314 /* SupportModel */ = {
			isa = PBXGroup;
			children = (
				79469B8C2AAF164E0095D314 /* TouristModel.swift */,
				79469BB32AB07FED0095D314 /* BuyerModel.swift */,
			);
			path = SupportModel;
			sourceTree = "<group>";
		};
		79469B942AAF30010095D314 /* Support */ = {
			isa = PBXGroup;
			children = (
				79469BAE2AB07E610095D314 /* Enum */,
			);
			path = Support;
			sourceTree = "<group>";
		};
		79469BA02AB042D20095D314 /* ItemView */ = {
			isa = PBXGroup;
			children = (
				79469B7B2AAEF8470095D314 /* BookingViewModel */,
				79469B832AAF07F00095D314 /* TourInformationItemView.swift */,
				79469B952AAF32F60095D314 /* TouristInformationItemView.swift */,
			);
			path = ItemView;
			sourceTree = "<group>";
		};
		79469BA32AB044D30095D314 /* ItemView */ = {
			isa = PBXGroup;
			children = (
				79469BA12AB043C00095D314 /* HotelDetailsItemView.swift */,
			);
			path = ItemView;
			sourceTree = "<group>";
		};
		79469BA42AB05D6C0095D314 /* PaymentView */ = {
			isa = PBXGroup;
			children = (
				79469BA52AB05D8C0095D314 /* PaymentView.swift */,
				79469B942AAF30010095D314 /* Support */,
			);
			path = PaymentView;
			sourceTree = "<group>";
		};
		79469BA72AB06BDA0095D314 /* Coordinator */ = {
			isa = PBXGroup;
			children = (
				79469BAA2AB0773D0095D314 /* CoordinatorView.swift */,
				79469BA82AB06BF20095D314 /* Coordinator.swift */,
			);
			path = Coordinator;
			sourceTree = "<group>";
		};
		79469BAE2AB07E610095D314 /* Enum */ = {
			isa = PBXGroup;
			children = (
				79469BB12AB07EA10095D314 /* MyPages.swift */,
				79B84B682AB1D39C009DE05E /* Fields.swift */,
				79B84B6A2AB1D3BE009DE05E /* Redax.swift */,
			);
			path = Enum;
			sourceTree = "<group>";
		};
		7959FD782AAB612300F89DCC /* RoomsView */ = {
			isa = PBXGroup;
			children = (
				7959FD792AAB614800F89DCC /* RoomsView.swift */,
			);
			path = RoomsView;
			sourceTree = "<group>";
		};
		7959FD7D2AAB7F4200F89DCC /* RoomsViewModel */ = {
			isa = PBXGroup;
			children = (
				7959FD7E2AAB7F5A00F89DCC /* RoomsViewModel.swift */,
			);
			path = RoomsViewModel;
			sourceTree = "<group>";
		};
		7959FD802AAB809800F89DCC /* RoomModel */ = {
			isa = PBXGroup;
			children = (
				7959FD812AAB80B100F89DCC /* RoomModel.swift */,
			);
			path = RoomModel;
			sourceTree = "<group>";
		};
		7959FD872AADDD3000F89DCC /* SupportViewModel */ = {
			isa = PBXGroup;
			children = (
				79469B992AAF84790095D314 /* TagsViewModel.swift */,
				79469BB52AB080620095D314 /* BuyerInformationViewModel.swift */,
			);
			path = SupportViewModel;
			sourceTree = "<group>";
		};
		7959FD8A2AAE37A000F89DCC /* SupportView */ = {
			isa = PBXGroup;
			children = (
				79469B972AAF7C500095D314 /* TagsView.swift */,
				7959FD882AAE379C00F89DCC /* PriceView.swift */,
				79A10D202AA8C69200A5157B /* AdressView.swift */,
				7959FD8B2AAE3B3D00F89DCC /* NameView.swift */,
				79A10D1E2AA8993300A5157B /* RatingView.swift */,
				79A10D1C2AA8851F00A5157B /* CaruselView.swift */,
			);
			path = SupportView;
			sourceTree = "<group>";
		};
		79A10CDC2AA852C800A5157B = {
			isa = PBXGroup;
			children = (
				79A10D632AA8DC1400A5157B /* Info.plist */,
				79A10CE72AA852C900A5157B /* Hotel */,
				79A10CE62AA852C900A5157B /* Products */,
			);
			sourceTree = "<group>";
		};
		79A10CE62AA852C900A5157B /* Products */ = {
			isa = PBXGroup;
			children = (
				79A10CE52AA852C900A5157B /* Hotel.app */,
			);
			name = Products;
			sourceTree = "<group>";
		};
		79A10CE72AA852C900A5157B /* Hotel */ = {
			isa = PBXGroup;
			children = (
				79A10CE82AA852C900A5157B /* HotelApp.swift */,
				79469BA72AB06BDA0095D314 /* Coordinator */,
				792DDA452AA918C9007EBC39 /* Model */,
				792DDA422AA9184F007EBC39 /* ModelView */,
				792DDA472AA918F0007EBC39 /* View */,
				792DDA442AA9188C007EBC39 /* Manager */,
				792DDA432AA9187D007EBC39 /* Extention */,
				79A10CEC2AA852CA00A5157B /* Assets.xcassets */,
				79A10CEE2AA852CA00A5157B /* Preview Content */,
			);
			path = Hotel;
			sourceTree = "<group>";
		};
		79A10CEE2AA852CA00A5157B /* Preview Content */ = {
			isa = PBXGroup;
			children = (
				79A10CEF2AA852CA00A5157B /* Preview Assets.xcassets */,
			);
			path = "Preview Content";
			sourceTree = "<group>";
		};
/* End PBXGroup section */

/* Begin PBXNativeTarget section */
		79A10CE42AA852C900A5157B /* Hotel */ = {
			isa = PBXNativeTarget;
			buildConfigurationList = 79A10D092AA852CA00A5157B /* Build configuration list for PBXNativeTarget "Hotel" */;
			buildPhases = (
				79A10CE12AA852C900A5157B /* Sources */,
				79A10CE22AA852C900A5157B /* Frameworks */,
				79A10CE32AA852C900A5157B /* Resources */,
			);
			buildRules = (
			);
			dependencies = (
			);
			name = Hotel;
			productName = Hotel;
			productReference = 79A10CE52AA852C900A5157B /* Hotel.app */;
			productType = "com.apple.product-type.application";
		};
/* End PBXNativeTarget section */

/* Begin PBXProject section */
		79A10CDD2AA852C800A5157B /* Project object */ = {
			isa = PBXProject;
			attributes = {
				BuildIndependentTargetsInParallel = 1;
				LastSwiftUpdateCheck = 1420;
				LastUpgradeCheck = 1420;
				TargetAttributes = {
					79A10CE42AA852C900A5157B = {
						CreatedOnToolsVersion = 14.2;
					};
				};
			};
			buildConfigurationList = 79A10CE02AA852C800A5157B /* Build configuration list for PBXProject "Hotel" */;
			compatibilityVersion = "Xcode 14.0";
			developmentRegion = en;
			hasScannedForEncodings = 0;
			knownRegions = (
				en,
				Base,
			);
			mainGroup = 79A10CDC2AA852C800A5157B;
			productRefGroup = 79A10CE62AA852C900A5157B /* Products */;
			projectDirPath = "";
			projectRoot = "";
			targets = (
				79A10CE42AA852C900A5157B /* Hotel */,
			);
		};
/* End PBXProject section */

/* Begin PBXResourcesBuildPhase section */
		79A10CE32AA852C900A5157B /* Resources */ = {
			isa = PBXResourcesBuildPhase;
			buildActionMask = 2147483647;
			files = (
				79A10CF02AA852CA00A5157B /* Preview Assets.xcassets in Resources */,
				79A10CED2AA852CA00A5157B /* Assets.xcassets in Resources */,
			);
			runOnlyForDeploymentPostprocessing = 0;
		};
/* End PBXResourcesBuildPhase section */

/* Begin PBXSourcesBuildPhase section */
		79A10CE12AA852C900A5157B /* Sources */ = {
			isa = PBXSourcesBuildPhase;
			buildActionMask = 2147483647;
			files = (
				79469B9C2AAF92290095D314 /* TourCostView.swift in Sources */,
				7959FD822AAB80B100F89DCC /* RoomModel.swift in Sources */,
				79469BB22AB07EA10095D314 /* MyPages.swift in Sources */,
				79469B912AAF2F840095D314 /* View+extension.swift in Sources */,
				79469B842AAF07F10095D314 /* TourInformationItemView.swift in Sources */,
				79469B8A2AAF152B0095D314 /* TouristInformationView.swift in Sources */,
				79469BA62AB05D8C0095D314 /* PaymentView.swift in Sources */,
				79469B9A2AAF84790095D314 /* TagsViewModel.swift in Sources */,
				79B84B672AB1D348009DE05E /* String+extension.swift in Sources */,
				79469B8D2AAF164E0095D314 /* TouristModel.swift in Sources */,
				79469B822AAEFDB10095D314 /* TourInformationView.swift in Sources */,
				79A10D132AA8554D00A5157B /* HotelModel.swift in Sources */,
				79469B862AAF0BEF0095D314 /* BuyerInformationView.swift in Sources */,
				79A10D232AA8CDBF00A5157B /* Color+extension.swift in Sources */,
				7959FD892AAE379C00F89DCC /* PriceView.swift in Sources */,
				79469BA22AB043C00095D314 /* HotelDetailsItemView.swift in Sources */,
				7959FD7F2AAB7F5A00F89DCC /* RoomsViewModel.swift in Sources */,
				79469B7D2AAEF8690095D314 /* BookingViewModel.swift in Sources */,
				79469BA92AB06BF20095D314 /* Coordinator.swift in Sources */,
				79A10D172AA857E800A5157B /* NetworkManager.swift in Sources */,
				79B84B692AB1D39C009DE05E /* Fields.swift in Sources */,
				79469B962AAF32F60095D314 /* TouristInformationItemView.swift in Sources */,
				79469BB62AB080620095D314 /* BuyerInformationViewModel.swift in Sources */,
				79A10CE92AA852C900A5157B /* HotelApp.swift in Sources */,
				79469BAB2AB0773D0095D314 /* CoordinatorView.swift in Sources */,
				79469BB42AB07FED0095D314 /* BuyerModel.swift in Sources */,
				79B84B6B2AB1D3BE009DE05E /* Redax.swift in Sources */,
				79469B982AAF7C500095D314 /* TagsView.swift in Sources */,
				79A10D152AA855F400A5157B /* HotelViewModel.swift in Sources */,
				79469B7F2AAEF8780095D314 /* BookingModel.swift in Sources */,
				79A10D192AA860D000A5157B /* HotelsView.swift in Sources */,
				7959FD8C2AAE3B3D00F89DCC /* NameView.swift in Sources */,
				79A10D1D2AA8851F00A5157B /* CaruselView.swift in Sources */,
				792DDA402AA9175D007EBC39 /* HotelDetailsView.swift in Sources */,
				79A10D212AA8C69200A5157B /* AdressView.swift in Sources */,
				79A10D1F2AA8993300A5157B /* RatingView.swift in Sources */,
				79469B7A2AAEF83D0095D314 /* BookingView.swift in Sources */,
				7959FD7A2AAB614800F89DCC /* RoomsView.swift in Sources */,
			);
			runOnlyForDeploymentPostprocessing = 0;
		};
/* End PBXSourcesBuildPhase section */

/* Begin XCBuildConfiguration section */
		79A10D072AA852CA00A5157B /* Debug */ = {
			isa = XCBuildConfiguration;
			buildSettings = {
				ALWAYS_SEARCH_USER_PATHS = NO;
				CLANG_ANALYZER_NONNULL = YES;
				CLANG_ANALYZER_NUMBER_OBJECT_CONVERSION = YES_AGGRESSIVE;
				CLANG_CXX_LANGUAGE_STANDARD = "gnu++20";
				CLANG_ENABLE_MODULES = YES;
				CLANG_ENABLE_OBJC_ARC = YES;
				CLANG_ENABLE_OBJC_WEAK = YES;
				CLANG_WARN_BLOCK_CAPTURE_AUTORELEASING = YES;
				CLANG_WARN_BOOL_CONVERSION = YES;
				CLANG_WARN_COMMA = YES;
				CLANG_WARN_CONSTANT_CONVERSION = YES;
				CLANG_WARN_DEPRECATED_OBJC_IMPLEMENTATIONS = YES;
				CLANG_WARN_DIRECT_OBJC_ISA_USAGE = YES_ERROR;
				CLANG_WARN_DOCUMENTATION_COMMENTS = YES;
				CLANG_WARN_EMPTY_BODY = YES;
				CLANG_WARN_ENUM_CONVERSION = YES;
				CLANG_WARN_INFINITE_RECURSION = YES;
				CLANG_WARN_INT_CONVERSION = YES;
				CLANG_WARN_NON_LITERAL_NULL_CONVERSION = YES;
				CLANG_WARN_OBJC_IMPLICIT_RETAIN_SELF = YES;
				CLANG_WARN_OBJC_LITERAL_CONVERSION = YES;
				CLANG_WARN_OBJC_ROOT_CLASS = YES_ERROR;
				CLANG_WARN_QUOTED_INCLUDE_IN_FRAMEWORK_HEADER = YES;
				CLANG_WARN_RANGE_LOOP_ANALYSIS = YES;
				CLANG_WARN_STRICT_PROTOTYPES = YES;
				CLANG_WARN_SUSPICIOUS_MOVE = YES;
				CLANG_WARN_UNGUARDED_AVAILABILITY = YES_AGGRESSIVE;
				CLANG_WARN_UNREACHABLE_CODE = YES;
				CLANG_WARN__DUPLICATE_METHOD_MATCH = YES;
				COPY_PHASE_STRIP = NO;
				DEBUG_INFORMATION_FORMAT = dwarf;
				ENABLE_STRICT_OBJC_MSGSEND = YES;
				ENABLE_TESTABILITY = YES;
				GCC_C_LANGUAGE_STANDARD = gnu11;
				GCC_DYNAMIC_NO_PIC = NO;
				GCC_NO_COMMON_BLOCKS = YES;
				GCC_OPTIMIZATION_LEVEL = 0;
				GCC_PREPROCESSOR_DEFINITIONS = (
					"DEBUG=1",
					"$(inherited)",
				);
				GCC_WARN_64_TO_32_BIT_CONVERSION = YES;
				GCC_WARN_ABOUT_RETURN_TYPE = YES_ERROR;
				GCC_WARN_UNDECLARED_SELECTOR = YES;
				GCC_WARN_UNINITIALIZED_AUTOS = YES_AGGRESSIVE;
				GCC_WARN_UNUSED_FUNCTION = YES;
				GCC_WARN_UNUSED_VARIABLE = YES;
				IPHONEOS_DEPLOYMENT_TARGET = 16.2;
				MTL_ENABLE_DEBUG_INFO = INCLUDE_SOURCE;
				MTL_FAST_MATH = YES;
				ONLY_ACTIVE_ARCH = YES;
				SDKROOT = iphoneos;
				SWIFT_ACTIVE_COMPILATION_CONDITIONS = DEBUG;
				SWIFT_OPTIMIZATION_LEVEL = "-Onone";
			};
			name = Debug;
		};
		79A10D082AA852CA00A5157B /* Release */ = {
			isa = XCBuildConfiguration;
			buildSettings = {
				ALWAYS_SEARCH_USER_PATHS = NO;
				CLANG_ANALYZER_NONNULL = YES;
				CLANG_ANALYZER_NUMBER_OBJECT_CONVERSION = YES_AGGRESSIVE;
				CLANG_CXX_LANGUAGE_STANDARD = "gnu++20";
				CLANG_ENABLE_MODULES = YES;
				CLANG_ENABLE_OBJC_ARC = YES;
				CLANG_ENABLE_OBJC_WEAK = YES;
				CLANG_WARN_BLOCK_CAPTURE_AUTORELEASING = YES;
				CLANG_WARN_BOOL_CONVERSION = YES;
				CLANG_WARN_COMMA = YES;
				CLANG_WARN_CONSTANT_CONVERSION = YES;
				CLANG_WARN_DEPRECATED_OBJC_IMPLEMENTATIONS = YES;
				CLANG_WARN_DIRECT_OBJC_ISA_USAGE = YES_ERROR;
				CLANG_WARN_DOCUMENTATION_COMMENTS = YES;
				CLANG_WARN_EMPTY_BODY = YES;
				CLANG_WARN_ENUM_CONVERSION = YES;
				CLANG_WARN_INFINITE_RECURSION = YES;
				CLANG_WARN_INT_CONVERSION = YES;
				CLANG_WARN_NON_LITERAL_NULL_CONVERSION = YES;
				CLANG_WARN_OBJC_IMPLICIT_RETAIN_SELF = YES;
				CLANG_WARN_OBJC_LITERAL_CONVERSION = YES;
				CLANG_WARN_OBJC_ROOT_CLASS = YES_ERROR;
				CLANG_WARN_QUOTED_INCLUDE_IN_FRAMEWORK_HEADER = YES;
				CLANG_WARN_RANGE_LOOP_ANALYSIS = YES;
				CLANG_WARN_STRICT_PROTOTYPES = YES;
				CLANG_WARN_SUSPICIOUS_MOVE = YES;
				CLANG_WARN_UNGUARDED_AVAILABILITY = YES_AGGRESSIVE;
				CLANG_WARN_UNREACHABLE_CODE = YES;
				CLANG_WARN__DUPLICATE_METHOD_MATCH = YES;
				COPY_PHASE_STRIP = NO;
				DEBUG_INFORMATION_FORMAT = "dwarf-with-dsym";
				ENABLE_NS_ASSERTIONS = NO;
				ENABLE_STRICT_OBJC_MSGSEND = YES;
				GCC_C_LANGUAGE_STANDARD = gnu11;
				GCC_NO_COMMON_BLOCKS = YES;
				GCC_WARN_64_TO_32_BIT_CONVERSION = YES;
				GCC_WARN_ABOUT_RETURN_TYPE = YES_ERROR;
				GCC_WARN_UNDECLARED_SELECTOR = YES;
				GCC_WARN_UNINITIALIZED_AUTOS = YES_AGGRESSIVE;
				GCC_WARN_UNUSED_FUNCTION = YES;
				GCC_WARN_UNUSED_VARIABLE = YES;
				IPHONEOS_DEPLOYMENT_TARGET = 16.2;
				MTL_ENABLE_DEBUG_INFO = NO;
				MTL_FAST_MATH = YES;
				SDKROOT = iphoneos;
				SWIFT_COMPILATION_MODE = wholemodule;
				SWIFT_OPTIMIZATION_LEVEL = "-O";
				VALIDATE_PRODUCT = YES;
			};
			name = Release;
		};
		79A10D0A2AA852CA00A5157B /* Debug */ = {
			isa = XCBuildConfiguration;
			buildSettings = {
				ASSETCATALOG_COMPILER_APPICON_NAME = AppIcon;
				ASSETCATALOG_COMPILER_GLOBAL_ACCENT_COLOR_NAME = AccentColor;
				CODE_SIGN_STYLE = Automatic;
				CURRENT_PROJECT_VERSION = 1;
				DEVELOPMENT_ASSET_PATHS = "\"Hotel/Preview Content\"";
				DEVELOPMENT_TEAM = 5HDJ6MMFHG;
				ENABLE_PREVIEWS = YES;
				GENERATE_INFOPLIST_FILE = YES;
				INFOPLIST_FILE = Info.plist;
				INFOPLIST_KEY_UIApplicationSceneManifest_Generation = YES;
				INFOPLIST_KEY_UIApplicationSupportsIndirectInputEvents = YES;
				INFOPLIST_KEY_UILaunchScreen_Generation = YES;
				INFOPLIST_KEY_UISupportedInterfaceOrientations_iPad = "UIInterfaceOrientationPortrait UIInterfaceOrientationPortraitUpsideDown UIInterfaceOrientationLandscapeLeft UIInterfaceOrientationLandscapeRight";
				INFOPLIST_KEY_UISupportedInterfaceOrientations_iPhone = "UIInterfaceOrientationPortrait UIInterfaceOrientationLandscapeLeft UIInterfaceOrientationLandscapeRight";
				LD_RUNPATH_SEARCH_PATHS = (
					"$(inherited)",
					"@executable_path/Frameworks",
				);
				MARKETING_VERSION = 1.0;
				PRODUCT_BUNDLE_IDENTIFIER = team.Hotel;
				PRODUCT_NAME = "$(TARGET_NAME)";
				SWIFT_EMIT_LOC_STRINGS = YES;
				SWIFT_VERSION = 5.0;
				TARGETED_DEVICE_FAMILY = "1,2";
			};
			name = Debug;
		};
		79A10D0B2AA852CA00A5157B /* Release */ = {
			isa = XCBuildConfiguration;
			buildSettings = {
				ASSETCATALOG_COMPILER_APPICON_NAME = AppIcon;
				ASSETCATALOG_COMPILER_GLOBAL_ACCENT_COLOR_NAME = AccentColor;
				CODE_SIGN_STYLE = Automatic;
				CURRENT_PROJECT_VERSION = 1;
				DEVELOPMENT_ASSET_PATHS = "\"Hotel/Preview Content\"";
				DEVELOPMENT_TEAM = 5HDJ6MMFHG;
				ENABLE_PREVIEWS = YES;
				GENERATE_INFOPLIST_FILE = YES;
				INFOPLIST_FILE = Info.plist;
				INFOPLIST_KEY_UIApplicationSceneManifest_Generation = YES;
				INFOPLIST_KEY_UIApplicationSupportsIndirectInputEvents = YES;
				INFOPLIST_KEY_UILaunchScreen_Generation = YES;
				INFOPLIST_KEY_UISupportedInterfaceOrientations_iPad = "UIInterfaceOrientationPortrait UIInterfaceOrientationPortraitUpsideDown UIInterfaceOrientationLandscapeLeft UIInterfaceOrientationLandscapeRight";
				INFOPLIST_KEY_UISupportedInterfaceOrientations_iPhone = "UIInterfaceOrientationPortrait UIInterfaceOrientationLandscapeLeft UIInterfaceOrientationLandscapeRight";
				LD_RUNPATH_SEARCH_PATHS = (
					"$(inherited)",
					"@executable_path/Frameworks",
				);
				MARKETING_VERSION = 1.0;
				PRODUCT_BUNDLE_IDENTIFIER = team.Hotel;
				PRODUCT_NAME = "$(TARGET_NAME)";
				SWIFT_EMIT_LOC_STRINGS = YES;
				SWIFT_VERSION = 5.0;
				TARGETED_DEVICE_FAMILY = "1,2";
			};
			name = Release;
		};
/* End XCBuildConfiguration section */

/* Begin XCConfigurationList section */
		79A10CE02AA852C800A5157B /* Build configuration list for PBXProject "Hotel" */ = {
			isa = XCConfigurationList;
			buildConfigurations = (
				79A10D072AA852CA00A5157B /* Debug */,
				79A10D082AA852CA00A5157B /* Release */,
			);
			defaultConfigurationIsVisible = 0;
			defaultConfigurationName = Release;
		};
		79A10D092AA852CA00A5157B /* Build configuration list for PBXNativeTarget "Hotel" */ = {
			isa = XCConfigurationList;
			buildConfigurations = (
				79A10D0A2AA852CA00A5157B /* Debug */,
				79A10D0B2AA852CA00A5157B /* Release */,
			);
			defaultConfigurationIsVisible = 0;
			defaultConfigurationName = Release;
		};
/* End XCConfigurationList section */
	};
	rootObject = 79A10CDD2AA852C800A5157B /* Project object */;
}
