// !$*UTF8*$!
{
	archiveVersion = 1;
	classes = {
	};
	objectVersion = 56;
	objects = {

/* Begin PBXBuildFile section */
		792DDA3E2AA91551007EBC39 /* PeculiaritiesHotelView.swift in Sources */ = {isa = PBXBuildFile; fileRef = 792DDA3D2AA91550007EBC39 /* PeculiaritiesHotelView.swift */; };
		792DDA402AA9175D007EBC39 /* HotelDetailsView.swift in Sources */ = {isa = PBXBuildFile; fileRef = 792DDA3F2AA9175D007EBC39 /* HotelDetailsView.swift */; };
		79A10CE92AA852C900A5157B /* HotelApp.swift in Sources */ = {isa = PBXBuildFile; fileRef = 79A10CE82AA852C900A5157B /* HotelApp.swift */; };
		79A10CED2AA852CA00A5157B /* Assets.xcassets in Resources */ = {isa = PBXBuildFile; fileRef = 79A10CEC2AA852CA00A5157B /* Assets.xcassets */; };
		79A10CF02AA852CA00A5157B /* Preview Assets.xcassets in Resources */ = {isa = PBXBuildFile; fileRef = 79A10CEF2AA852CA00A5157B /* Preview Assets.xcassets */; };
		79A10D132AA8554D00A5157B /* HotelModel.swift in Sources */ = {isa = PBXBuildFile; fileRef = 79A10D122AA8554D00A5157B /* HotelModel.swift */; };
		79A10D152AA855F400A5157B /* HotelViewModel.swift in Sources */ = {isa = PBXBuildFile; fileRef = 79A10D142AA855F400A5157B /* HotelViewModel.swift */; };
		79A10D172AA857E800A5157B /* NetworkManager.swift in Sources */ = {isa = PBXBuildFile; fileRef = 79A10D162AA857E800A5157B /* NetworkManager.swift */; };
		79A10D192AA860D000A5157B /* HotelView.swift in Sources */ = {isa = PBXBuildFile; fileRef = 79A10D182AA860D000A5157B /* HotelView.swift */; };
		79A10D1D2AA8851F00A5157B /* CaruselPhotoView.swift in Sources */ = {isa = PBXBuildFile; fileRef = 79A10D1C2AA8851F00A5157B /* CaruselPhotoView.swift */; };
		79A10D1F2AA8993300A5157B /* RatingView.swift in Sources */ = {isa = PBXBuildFile; fileRef = 79A10D1E2AA8993300A5157B /* RatingView.swift */; };
		79A10D212AA8C69200A5157B /* BasicData.swift in Sources */ = {isa = PBXBuildFile; fileRef = 79A10D202AA8C69200A5157B /* BasicData.swift */; };
		79A10D232AA8CDBF00A5157B /* Color+extension.swift in Sources */ = {isa = PBXBuildFile; fileRef = 79A10D222AA8CDBF00A5157B /* Color+extension.swift */; };
/* End PBXBuildFile section */

/* Begin PBXFileReference section */
		792DDA3D2AA91550007EBC39 /* PeculiaritiesHotelView.swift */ = {isa = PBXFileReference; lastKnownFileType = sourcecode.swift; path = PeculiaritiesHotelView.swift; sourceTree = "<group>"; };
		792DDA3F2AA9175D007EBC39 /* HotelDetailsView.swift */ = {isa = PBXFileReference; lastKnownFileType = sourcecode.swift; path = HotelDetailsView.swift; sourceTree = "<group>"; };
		79A10CE52AA852C900A5157B /* Hotel.app */ = {isa = PBXFileReference; explicitFileType = wrapper.application; includeInIndex = 0; path = Hotel.app; sourceTree = BUILT_PRODUCTS_DIR; };
		79A10CE82AA852C900A5157B /* HotelApp.swift */ = {isa = PBXFileReference; lastKnownFileType = sourcecode.swift; path = HotelApp.swift; sourceTree = "<group>"; };
		79A10CEC2AA852CA00A5157B /* Assets.xcassets */ = {isa = PBXFileReference; lastKnownFileType = folder.assetcatalog; path = Assets.xcassets; sourceTree = "<group>"; };
		79A10CEF2AA852CA00A5157B /* Preview Assets.xcassets */ = {isa = PBXFileReference; lastKnownFileType = folder.assetcatalog; path = "Preview Assets.xcassets"; sourceTree = "<group>"; };
		79A10D122AA8554D00A5157B /* HotelModel.swift */ = {isa = PBXFileReference; lastKnownFileType = sourcecode.swift; path = HotelModel.swift; sourceTree = "<group>"; };
		79A10D142AA855F400A5157B /* HotelViewModel.swift */ = {isa = PBXFileReference; lastKnownFileType = sourcecode.swift; path = HotelViewModel.swift; sourceTree = "<group>"; };
		79A10D162AA857E800A5157B /* NetworkManager.swift */ = {isa = PBXFileReference; lastKnownFileType = sourcecode.swift; path = NetworkManager.swift; sourceTree = "<group>"; };
		79A10D182AA860D000A5157B /* HotelView.swift */ = {isa = PBXFileReference; lastKnownFileType = sourcecode.swift; path = HotelView.swift; sourceTree = "<group>"; };
		79A10D1C2AA8851F00A5157B /* CaruselPhotoView.swift */ = {isa = PBXFileReference; lastKnownFileType = sourcecode.swift; path = CaruselPhotoView.swift; sourceTree = "<group>"; };
		79A10D1E2AA8993300A5157B /* RatingView.swift */ = {isa = PBXFileReference; lastKnownFileType = sourcecode.swift; path = RatingView.swift; sourceTree = "<group>"; };
		79A10D202AA8C69200A5157B /* BasicData.swift */ = {isa = PBXFileReference; lastKnownFileType = sourcecode.swift; path = BasicData.swift; sourceTree = "<group>"; };
		79A10D222AA8CDBF00A5157B /* Color+extension.swift */ = {isa = PBXFileReference; lastKnownFileType = sourcecode.swift; path = "Color+extension.swift"; sourceTree = "<group>"; };
		79A10D632AA8DC1400A5157B /* Info.plist */ = {isa = PBXFileReference; lastKnownFileType = text.plist; path = Info.plist; sourceTree = "<group>"; };
/* End PBXFileReference section */

/* Begin PBXFrameworksBuildPhase section */
		79A10CE22AA852C900A5157B /* Frameworks */ = {
			isa = PBXFrameworksBuildPhase;
			buildActionMask = 2147483647;
			files = (
			);
			runOnlyForDeploymentPostprocessing = 0;
		};
/* End PBXFrameworksBuildPhase section */

/* Begin PBXGroup section */
		792DDA412AA9181A007EBC39 /* HotelVeiw */ = {
			isa = PBXGroup;
			children = (
				79A10D182AA860D000A5157B /* HotelView.swift */,
				79A10D1E2AA8993300A5157B /* RatingView.swift */,
				792DDA3D2AA91550007EBC39 /* PeculiaritiesHotelView.swift */,
				792DDA3F2AA9175D007EBC39 /* HotelDetailsView.swift */,
				79A10D202AA8C69200A5157B /* BasicData.swift */,
				79A10D1C2AA8851F00A5157B /* CaruselPhotoView.swift */,
			);
			path = HotelVeiw;
			sourceTree = "<group>";
		};
		792DDA422AA9184F007EBC39 /* ModelView */ = {
			isa = PBXGroup;
			children = (
				792DDA482AA91920007EBC39 /* Hotel */,
			);
			path = ModelView;
			sourceTree = "<group>";
		};
		792DDA432AA9187D007EBC39 /* Extention */ = {
			isa = PBXGroup;
			children = (
				79A10D222AA8CDBF00A5157B /* Color+extension.swift */,
			);
			path = Extention;
			sourceTree = "<group>";
		};
		792DDA442AA9188C007EBC39 /* Manager */ = {
			isa = PBXGroup;
			children = (
				79A10D162AA857E800A5157B /* NetworkManager.swift */,
			);
			path = Manager;
			sourceTree = "<group>";
		};
		792DDA452AA918C9007EBC39 /* Model */ = {
			isa = PBXGroup;
			children = (
				792DDA462AA918E1007EBC39 /* Hotel */,
			);
			path = Model;
			sourceTree = "<group>";
		};
		792DDA462AA918E1007EBC39 /* Hotel */ = {
			isa = PBXGroup;
			children = (
				79A10D122AA8554D00A5157B /* HotelModel.swift */,
			);
			path = Hotel;
			sourceTree = "<group>";
		};
		792DDA472AA918F0007EBC39 /* View */ = {
			isa = PBXGroup;
			children = (
				792DDA412AA9181A007EBC39 /* HotelVeiw */,
			);
			path = View;
			sourceTree = "<group>";
		};
		792DDA482AA91920007EBC39 /* Hotel */ = {
			isa = PBXGroup;
			children = (
				79A10D142AA855F400A5157B /* HotelViewModel.swift */,
			);
			path = Hotel;
			sourceTree = "<group>";
		};
		79A10CDC2AA852C800A5157B = {
			isa = PBXGroup;
			children = (
				79A10CE72AA852C900A5157B /* Hotel */,
				79A10CE62AA852C900A5157B /* Products */,
			);
			sourceTree = "<group>";
		};
		79A10CE62AA852C900A5157B /* Products */ = {
			isa = PBXGroup;
			children = (
				79A10CE52AA852C900A5157B /* Hotel.app */,
			);
			name = Products;
			sourceTree = "<group>";
		};
		79A10CE72AA852C900A5157B /* Hotel */ = {
			isa = PBXGroup;
			children = (
				79A10D632AA8DC1400A5157B /* Info.plist */,
				79A10CE82AA852C900A5157B /* HotelApp.swift */,
				792DDA452AA918C9007EBC39 /* Model */,
				792DDA422AA9184F007EBC39 /* ModelView */,
				792DDA472AA918F0007EBC39 /* View */,
				792DDA442AA9188C007EBC39 /* Manager */,
				792DDA432AA9187D007EBC39 /* Extention */,
				79A10CEC2AA852CA00A5157B /* Assets.xcassets */,
				79A10CEE2AA852CA00A5157B /* Preview Content */,
			);
			path = Hotel;
			sourceTree = "<group>";
		};
		79A10CEE2AA852CA00A5157B /* Preview Content */ = {
			isa = PBXGroup;
			children = (
				79A10CEF2AA852CA00A5157B /* Preview Assets.xcassets */,
			);
			path = "Preview Content";
			sourceTree = "<group>";
		};
/* End PBXGroup section */

/* Begin PBXNativeTarget section */
		79A10CE42AA852C900A5157B /* Hotel */ = {
			isa = PBXNativeTarget;
			buildConfigurationList = 79A10D092AA852CA00A5157B /* Build configuration list for PBXNativeTarget "Hotel" */;
			buildPhases = (
				79A10CE12AA852C900A5157B /* Sources */,
				79A10CE22AA852C900A5157B /* Frameworks */,
				79A10CE32AA852C900A5157B /* Resources */,
			);
			buildRules = (
			);
			dependencies = (
			);
			name = Hotel;
			productName = Hotel;
			productReference = 79A10CE52AA852C900A5157B /* Hotel.app */;
			productType = "com.apple.product-type.application";
		};
/* End PBXNativeTarget section */

/* Begin PBXProject section */
		79A10CDD2AA852C800A5157B /* Project object */ = {
			isa = PBXProject;
			attributes = {
				BuildIndependentTargetsInParallel = 1;
				LastSwiftUpdateCheck = 1420;
				LastUpgradeCheck = 1420;
				TargetAttributes = {
					79A10CE42AA852C900A5157B = {
						CreatedOnToolsVersion = 14.2;
					};
				};
			};
			buildConfigurationList = 79A10CE02AA852C800A5157B /* Build configuration list for PBXProject "Hotel" */;
			compatibilityVersion = "Xcode 14.0";
			developmentRegion = en;
			hasScannedForEncodings = 0;
			knownRegions = (
				en,
				Base,
			);
			mainGroup = 79A10CDC2AA852C800A5157B;
			productRefGroup = 79A10CE62AA852C900A5157B /* Products */;
			projectDirPath = "";
			projectRoot = "";
			targets = (
				79A10CE42AA852C900A5157B /* Hotel */,
			);
		};
/* End PBXProject section */

/* Begin PBXResourcesBuildPhase section */
		79A10CE32AA852C900A5157B /* Resources */ = {
			isa = PBXResourcesBuildPhase;
			buildActionMask = 2147483647;
			files = (
				79A10CF02AA852CA00A5157B /* Preview Assets.xcassets in Resources */,
				79A10CED2AA852CA00A5157B /* Assets.xcassets in Resources */,
			);
			runOnlyForDeploymentPostprocessing = 0;
		};
/* End PBXResourcesBuildPhase section */

/* Begin PBXSourcesBuildPhase section */
		79A10CE12AA852C900A5157B /* Sources */ = {
			isa = PBXSourcesBuildPhase;
			buildActionMask = 2147483647;
			files = (
				79A10D132AA8554D00A5157B /* HotelModel.swift in Sources */,
				792DDA3E2AA91551007EBC39 /* PeculiaritiesHotelView.swift in Sources */,
				79A10D232AA8CDBF00A5157B /* Color+extension.swift in Sources */,
				79A10D172AA857E800A5157B /* NetworkManager.swift in Sources */,
				79A10CE92AA852C900A5157B /* HotelApp.swift in Sources */,
				79A10D152AA855F400A5157B /* HotelViewModel.swift in Sources */,
				79A10D192AA860D000A5157B /* HotelView.swift in Sources */,
				79A10D1D2AA8851F00A5157B /* CaruselPhotoView.swift in Sources */,
				792DDA402AA9175D007EBC39 /* HotelDetailsView.swift in Sources */,
				79A10D212AA8C69200A5157B /* BasicData.swift in Sources */,
				79A10D1F2AA8993300A5157B /* RatingView.swift in Sources */,
			);
			runOnlyForDeploymentPostprocessing = 0;
		};
/* End PBXSourcesBuildPhase section */

/* Begin XCBuildConfiguration section */
		79A10D072AA852CA00A5157B /* Debug */ = {
			isa = XCBuildConfiguration;
			buildSettings = {
				ALWAYS_SEARCH_USER_PATHS = NO;
				CLANG_ANALYZER_NONNULL = YES;
				CLANG_ANALYZER_NUMBER_OBJECT_CONVERSION = YES_AGGRESSIVE;
				CLANG_CXX_LANGUAGE_STANDARD = "gnu++20";
				CLANG_ENABLE_MODULES = YES;
				CLANG_ENABLE_OBJC_ARC = YES;
				CLANG_ENABLE_OBJC_WEAK = YES;
				CLANG_WARN_BLOCK_CAPTURE_AUTORELEASING = YES;
				CLANG_WARN_BOOL_CONVERSION = YES;
				CLANG_WARN_COMMA = YES;
				CLANG_WARN_CONSTANT_CONVERSION = YES;
				CLANG_WARN_DEPRECATED_OBJC_IMPLEMENTATIONS = YES;
				CLANG_WARN_DIRECT_OBJC_ISA_USAGE = YES_ERROR;
				CLANG_WARN_DOCUMENTATION_COMMENTS = YES;
				CLANG_WARN_EMPTY_BODY = YES;
				CLANG_WARN_ENUM_CONVERSION = YES;
				CLANG_WARN_INFINITE_RECURSION = YES;
				CLANG_WARN_INT_CONVERSION = YES;
				CLANG_WARN_NON_LITERAL_NULL_CONVERSION = YES;
				CLANG_WARN_OBJC_IMPLICIT_RETAIN_SELF = YES;
				CLANG_WARN_OBJC_LITERAL_CONVERSION = YES;
				CLANG_WARN_OBJC_ROOT_CLASS = YES_ERROR;
				CLANG_WARN_QUOTED_INCLUDE_IN_FRAMEWORK_HEADER = YES;
				CLANG_WARN_RANGE_LOOP_ANALYSIS = YES;
				CLANG_WARN_STRICT_PROTOTYPES = YES;
				CLANG_WARN_SUSPICIOUS_MOVE = YES;
				CLANG_WARN_UNGUARDED_AVAILABILITY = YES_AGGRESSIVE;
				CLANG_WARN_UNREACHABLE_CODE = YES;
				CLANG_WARN__DUPLICATE_METHOD_MATCH = YES;
				COPY_PHASE_STRIP = NO;
				DEBUG_INFORMATION_FORMAT = dwarf;
				ENABLE_STRICT_OBJC_MSGSEND = YES;
				ENABLE_TESTABILITY = YES;
				GCC_C_LANGUAGE_STANDARD = gnu11;
				GCC_DYNAMIC_NO_PIC = NO;
				GCC_NO_COMMON_BLOCKS = YES;
				GCC_OPTIMIZATION_LEVEL = 0;
				GCC_PREPROCESSOR_DEFINITIONS = (
					"DEBUG=1",
					"$(inherited)",
				);
				GCC_WARN_64_TO_32_BIT_CONVERSION = YES;
				GCC_WARN_ABOUT_RETURN_TYPE = YES_ERROR;
				GCC_WARN_UNDECLARED_SELECTOR = YES;
				GCC_WARN_UNINITIALIZED_AUTOS = YES_AGGRESSIVE;
				GCC_WARN_UNUSED_FUNCTION = YES;
				GCC_WARN_UNUSED_VARIABLE = YES;
				IPHONEOS_DEPLOYMENT_TARGET = 16.2;
				MTL_ENABLE_DEBUG_INFO = INCLUDE_SOURCE;
				MTL_FAST_MATH = YES;
				ONLY_ACTIVE_ARCH = YES;
				SDKROOT = iphoneos;
				SWIFT_ACTIVE_COMPILATION_CONDITIONS = DEBUG;
				SWIFT_OPTIMIZATION_LEVEL = "-Onone";
			};
			name = Debug;
		};
		79A10D082AA852CA00A5157B /* Release */ = {
			isa = XCBuildConfiguration;
			buildSettings = {
				ALWAYS_SEARCH_USER_PATHS = NO;
				CLANG_ANALYZER_NONNULL = YES;
				CLANG_ANALYZER_NUMBER_OBJECT_CONVERSION = YES_AGGRESSIVE;
				CLANG_CXX_LANGUAGE_STANDARD = "gnu++20";
				CLANG_ENABLE_MODULES = YES;
				CLANG_ENABLE_OBJC_ARC = YES;
				CLANG_ENABLE_OBJC_WEAK = YES;
				CLANG_WARN_BLOCK_CAPTURE_AUTORELEASING = YES;
				CLANG_WARN_BOOL_CONVERSION = YES;
				CLANG_WARN_COMMA = YES;
				CLANG_WARN_CONSTANT_CONVERSION = YES;
				CLANG_WARN_DEPRECATED_OBJC_IMPLEMENTATIONS = YES;
				CLANG_WARN_DIRECT_OBJC_ISA_USAGE = YES_ERROR;
				CLANG_WARN_DOCUMENTATION_COMMENTS = YES;
				CLANG_WARN_EMPTY_BODY = YES;
				CLANG_WARN_ENUM_CONVERSION = YES;
				CLANG_WARN_INFINITE_RECURSION = YES;
				CLANG_WARN_INT_CONVERSION = YES;
				CLANG_WARN_NON_LITERAL_NULL_CONVERSION = YES;
				CLANG_WARN_OBJC_IMPLICIT_RETAIN_SELF = YES;
				CLANG_WARN_OBJC_LITERAL_CONVERSION = YES;
				CLANG_WARN_OBJC_ROOT_CLASS = YES_ERROR;
				CLANG_WARN_QUOTED_INCLUDE_IN_FRAMEWORK_HEADER = YES;
				CLANG_WARN_RANGE_LOOP_ANALYSIS = YES;
				CLANG_WARN_STRICT_PROTOTYPES = YES;
				CLANG_WARN_SUSPICIOUS_MOVE = YES;
				CLANG_WARN_UNGUARDED_AVAILABILITY = YES_AGGRESSIVE;
				CLANG_WARN_UNREACHABLE_CODE = YES;
				CLANG_WARN__DUPLICATE_METHOD_MATCH = YES;
				COPY_PHASE_STRIP = NO;
				DEBUG_INFORMATION_FORMAT = "dwarf-with-dsym";
				ENABLE_NS_ASSERTIONS = NO;
				ENABLE_STRICT_OBJC_MSGSEND = YES;
				GCC_C_LANGUAGE_STANDARD = gnu11;
				GCC_NO_COMMON_BLOCKS = YES;
				GCC_WARN_64_TO_32_BIT_CONVERSION = YES;
				GCC_WARN_ABOUT_RETURN_TYPE = YES_ERROR;
				GCC_WARN_UNDECLARED_SELECTOR = YES;
				GCC_WARN_UNINITIALIZED_AUTOS = YES_AGGRESSIVE;
				GCC_WARN_UNUSED_FUNCTION = YES;
				GCC_WARN_UNUSED_VARIABLE = YES;
				IPHONEOS_DEPLOYMENT_TARGET = 16.2;
				MTL_ENABLE_DEBUG_INFO = NO;
				MTL_FAST_MATH = YES;
				SDKROOT = iphoneos;
				SWIFT_COMPILATION_MODE = wholemodule;
				SWIFT_OPTIMIZATION_LEVEL = "-O";
				VALIDATE_PRODUCT = YES;
			};
			name = Release;
		};
		79A10D0A2AA852CA00A5157B /* Debug */ = {
			isa = XCBuildConfiguration;
			buildSettings = {
				ASSETCATALOG_COMPILER_APPICON_NAME = AppIcon;
				ASSETCATALOG_COMPILER_GLOBAL_ACCENT_COLOR_NAME = AccentColor;
				CODE_SIGN_STYLE = Automatic;
				CURRENT_PROJECT_VERSION = 1;
				DEVELOPMENT_ASSET_PATHS = "\"Hotel/Preview Content\"";
				DEVELOPMENT_TEAM = 5HDJ6MMFHG;
				ENABLE_PREVIEWS = YES;
				GENERATE_INFOPLIST_FILE = YES;
				INFOPLIST_FILE = Hotel/Info.plist;
				INFOPLIST_KEY_UIApplicationSceneManifest_Generation = YES;
				INFOPLIST_KEY_UIApplicationSupportsIndirectInputEvents = YES;
				INFOPLIST_KEY_UILaunchScreen_Generation = YES;
				INFOPLIST_KEY_UISupportedInterfaceOrientations_iPad = "UIInterfaceOrientationPortrait UIInterfaceOrientationPortraitUpsideDown UIInterfaceOrientationLandscapeLeft UIInterfaceOrientationLandscapeRight";
				INFOPLIST_KEY_UISupportedInterfaceOrientations_iPhone = "UIInterfaceOrientationPortrait UIInterfaceOrientationLandscapeLeft UIInterfaceOrientationLandscapeRight";
				LD_RUNPATH_SEARCH_PATHS = (
					"$(inherited)",
					"@executable_path/Frameworks",
				);
				MARKETING_VERSION = 1.0;
				PRODUCT_BUNDLE_IDENTIFIER = team.Hotel;
				PRODUCT_NAME = "$(TARGET_NAME)";
				SWIFT_EMIT_LOC_STRINGS = YES;
				SWIFT_VERSION = 5.0;
				TARGETED_DEVICE_FAMILY = "1,2";
			};
			name = Debug;
		};
		79A10D0B2AA852CA00A5157B /* Release */ = {
			isa = XCBuildConfiguration;
			buildSettings = {
				ASSETCATALOG_COMPILER_APPICON_NAME = AppIcon;
				ASSETCATALOG_COMPILER_GLOBAL_ACCENT_COLOR_NAME = AccentColor;
				CODE_SIGN_STYLE = Automatic;
				CURRENT_PROJECT_VERSION = 1;
				DEVELOPMENT_ASSET_PATHS = "\"Hotel/Preview Content\"";
				DEVELOPMENT_TEAM = 5HDJ6MMFHG;
				ENABLE_PREVIEWS = YES;
				GENERATE_INFOPLIST_FILE = YES;
				INFOPLIST_FILE = Hotel/Info.plist;
				INFOPLIST_KEY_UIApplicationSceneManifest_Generation = YES;
				INFOPLIST_KEY_UIApplicationSupportsIndirectInputEvents = YES;
				INFOPLIST_KEY_UILaunchScreen_Generation = YES;
				INFOPLIST_KEY_UISupportedInterfaceOrientations_iPad = "UIInterfaceOrientationPortrait UIInterfaceOrientationPortraitUpsideDown UIInterfaceOrientationLandscapeLeft UIInterfaceOrientationLandscapeRight";
				INFOPLIST_KEY_UISupportedInterfaceOrientations_iPhone = "UIInterfaceOrientationPortrait UIInterfaceOrientationLandscapeLeft UIInterfaceOrientationLandscapeRight";
				LD_RUNPATH_SEARCH_PATHS = (
					"$(inherited)",
					"@executable_path/Frameworks",
				);
				MARKETING_VERSION = 1.0;
				PRODUCT_BUNDLE_IDENTIFIER = team.Hotel;
				PRODUCT_NAME = "$(TARGET_NAME)";
				SWIFT_EMIT_LOC_STRINGS = YES;
				SWIFT_VERSION = 5.0;
				TARGETED_DEVICE_FAMILY = "1,2";
			};
			name = Release;
		};
/* End XCBuildConfiguration section */

/* Begin XCConfigurationList section */
		79A10CE02AA852C800A5157B /* Build configuration list for PBXProject "Hotel" */ = {
			isa = XCConfigurationList;
			buildConfigurations = (
				79A10D072AA852CA00A5157B /* Debug */,
				79A10D082AA852CA00A5157B /* Release */,
			);
			defaultConfigurationIsVisible = 0;
			defaultConfigurationName = Release;
		};
		79A10D092AA852CA00A5157B /* Build configuration list for PBXNativeTarget "Hotel" */ = {
			isa = XCConfigurationList;
			buildConfigurations = (
				79A10D0A2AA852CA00A5157B /* Debug */,
				79A10D0B2AA852CA00A5157B /* Release */,
			);
			defaultConfigurationIsVisible = 0;
			defaultConfigurationName = Release;
		};
/* End XCConfigurationList section */
	};
	rootObject = 79A10CDD2AA852C800A5157B /* Project object */;
}
